
Microsoft Visual Studio Solution File, Format Version 12.00
# Visual Studio Version 16
VisualStudioVersion = 16.0.31727.386
MinimumVisualStudioVersion = 10.0.40219.1
Project("{FAE04EC0-301F-11D3-BF4B-00C04F79EFBC}") = "BookList(MVC)", "BookList(MVC)\BookList(MVC).csproj", "{14CD6BD6-42D7-44A3-8332-0CE54EF4734F}"
EndProject
Global
	GlobalSection(SolutionConfigurationPlatforms) = preSolution
		Debug|Any CPU = Debug|Any CPU
		Release|Any CPU = Release|Any CPU
	EndGlobalSection
	GlobalSection(ProjectConfigurationPlatforms) = postSolution
		{14CD6BD6-42D7-44A3-8332-0CE54EF4734F}.Debug|Any CPU.ActiveCfg = Debug|Any CPU
		{14CD6BD6-42D7-44A3-8332-0CE54EF4734F}.Debug|Any CPU.Build.0 = Debug|Any CPU
		{14CD6BD6-42D7-44A3-8332-0CE54EF4734F}.Release|Any CPU.ActiveCfg = Release|Any CPU
		{14CD6BD6-42D7-44A3-8332-0CE54EF4734F}.Release|Any CPU.Build.0 = Release|Any CPU
	EndGlobalSection
	GlobalSection(SolutionProperties) = preSolution
		HideSolutionNode = FALSE
	EndGlobalSection
	GlobalSection(ExtensibilityGlobals) = postSolution
		SolutionGuid = {FF0934E5-5800-4C53-8855-CDFD06AA307C}
	EndGlobalSection
EndGlobal
